// !$*UTF8*$!
{
	archiveVersion = 1;
	classes = {
	};
	objectVersion = 48;
	objects = {

/* Begin PBXBuildFile section */
		FAE86FF9207F6E6A003D6ABE /* AppDelegate.swift in Sources */ = {isa = PBXBuildFile; fileRef = FAE86FF8207F6E6A003D6ABE /* AppDelegate.swift */; };
		FAE86FFB207F6E6A003D6ABE /* ViewController.swift in Sources */ = {isa = PBXBuildFile; fileRef = FAE86FFA207F6E6A003D6ABE /* ViewController.swift */; };
		FAE86FFE207F6E6A003D6ABE /* Main.storyboard in Resources */ = {isa = PBXBuildFile; fileRef = FAE86FFC207F6E6A003D6ABE /* Main.storyboard */; };
		FAE87003207F6E6A003D6ABE /* LaunchScreen.storyboard in Resources */ = {isa = PBXBuildFile; fileRef = FAE87001207F6E6A003D6ABE /* LaunchScreen.storyboard */; };
		FAE8700B207FBE6D003D6ABE /* QuizViewController.swift in Sources */ = {isa = PBXBuildFile; fileRef = FAE8700A207FBE6D003D6ABE /* QuizViewController.swift */; };
		FAE8700D207FC1E8003D6ABE /* Assets.xcassets in Resources */ = {isa = PBXBuildFile; fileRef = FAE8700C207FC1E8003D6ABE /* Assets.xcassets */; };
		FAE8700F207FC668003D6ABE /* ResultsViewController.swift in Sources */ = {isa = PBXBuildFile; fileRef = FAE8700E207FC668003D6ABE /* ResultsViewController.swift */; };
		FAE87011207FC7D9003D6ABE /* Question.swift in Sources */ = {isa = PBXBuildFile; fileRef = FAE87010207FC7D9003D6ABE /* Question.swift */; };
/* End PBXBuildFile section */

/* Begin PBXFileReference section */
		FAE86FF5207F6E6A003D6ABE /* QuizFlag.app */ = {isa = PBXFileReference; explicitFileType = wrapper.application; includeInIndex = 0; path = QuizFlag.app; sourceTree = BUILT_PRODUCTS_DIR; };
		FAE86FF8207F6E6A003D6ABE /* AppDelegate.swift */ = {isa = PBXFileReference; lastKnownFileType = sourcecode.swift; path = AppDelegate.swift; sourceTree = "<group>"; };
		FAE86FFA207F6E6A003D6ABE /* ViewController.swift */ = {isa = PBXFileReference; lastKnownFileType = sourcecode.swift; path = ViewController.swift; sourceTree = "<group>"; };
		FAE86FFD207F6E6A003D6ABE /* Base */ = {isa = PBXFileReference; lastKnownFileType = file.storyboard; name = Base; path = Base.lproj/Main.storyboard; sourceTree = "<group>"; };
		FAE87002207F6E6A003D6ABE /* Base */ = {isa = PBXFileReference; lastKnownFileType = file.storyboard; name = Base; path = Base.lproj/LaunchScreen.storyboard; sourceTree = "<group>"; };
		FAE87004207F6E6A003D6ABE /* Info.plist */ = {isa = PBXFileReference; lastKnownFileType = text.plist.xml; path = Info.plist; sourceTree = "<group>"; };
		FAE8700A207FBE6D003D6ABE /* QuizViewController.swift */ = {isa = PBXFileReference; lastKnownFileType = sourcecode.swift; path = QuizViewController.swift; sourceTree = "<group>"; };
		FAE8700C207FC1E8003D6ABE /* Assets.xcassets */ = {isa = PBXFileReference; lastKnownFileType = folder.assetcatalog; name = Assets.xcassets; path = ../../PersonalityQuiz/PersonalityQuiz/Assets.xcassets; sourceTree = "<group>"; };
		FAE8700E207FC668003D6ABE /* ResultsViewController.swift */ = {isa = PBXFileReference; lastKnownFileType = sourcecode.swift; path = ResultsViewController.swift; sourceTree = "<group>"; };
		FAE87010207FC7D9003D6ABE /* Question.swift */ = {isa = PBXFileReference; lastKnownFileType = sourcecode.swift; path = Question.swift; sourceTree = "<group>"; };
/* End PBXFileReference section */

/* Begin PBXFrameworksBuildPhase section */
		FAE86FF2207F6E6A003D6ABE /* Frameworks */ = {
			isa = PBXFrameworksBuildPhase;
			buildActionMask = 2147483647;
			files = (
			);
			runOnlyForDeploymentPostprocessing = 0;
		};
/* End PBXFrameworksBuildPhase section */

/* Begin PBXGroup section */
		FAE86FEC207F6E6A003D6ABE = {
			isa = PBXGroup;
			children = (
				FAE86FF7207F6E6A003D6ABE /* QuizFlag */,
				FAE86FF6207F6E6A003D6ABE /* Products */,
			);
			sourceTree = "<group>";
		};
		FAE86FF6207F6E6A003D6ABE /* Products */ = {
			isa = PBXGroup;
			children = (
				FAE86FF5207F6E6A003D6ABE /* QuizFlag.app */,
			);
			name = Products;
			sourceTree = "<group>";
		};
		FAE86FF7207F6E6A003D6ABE /* QuizFlag */ = {
			isa = PBXGroup;
			children = (
				FAE86FF8207F6E6A003D6ABE /* AppDelegate.swift */,
				FAE86FFA207F6E6A003D6ABE /* ViewController.swift */,
				FAE86FFC207F6E6A003D6ABE /* Main.storyboard */,
				FAE8700E207FC668003D6ABE /* ResultsViewController.swift */,
				FAE87010207FC7D9003D6ABE /* Question.swift */,
				FAE8700A207FBE6D003D6ABE /* QuizViewController.swift */,
				FAE8700C207FC1E8003D6ABE /* Assets.xcassets */,
				FAE87001207F6E6A003D6ABE /* LaunchScreen.storyboard */,
				FAE87004207F6E6A003D6ABE /* Info.plist */,
			);
			path = QuizFlag;
			sourceTree = "<group>";
		};
/* End PBXGroup section */

/* Begin PBXNativeTarget section */
		FAE86FF4207F6E6A003D6ABE /* QuizFlag */ = {
			isa = PBXNativeTarget;
			buildConfigurationList = FAE87007207F6E6A003D6ABE /* Build configuration list for PBXNativeTarget "QuizFlag" */;
			buildPhases = (
				FAE86FF1207F6E6A003D6ABE /* Sources */,
				FAE86FF2207F6E6A003D6ABE /* Frameworks */,
				FAE86FF3207F6E6A003D6ABE /* Resources */,
			);
			buildRules = (
			);
			dependencies = (
			);
			name = QuizFlag;
			productName = QuizFlag;
			productReference = FAE86FF5207F6E6A003D6ABE /* QuizFlag.app */;
			productType = "com.apple.product-type.application";
		};
/* End PBXNativeTarget section */

/* Begin PBXProject section */
		FAE86FED207F6E6A003D6ABE /* Project object */ = {
			isa = PBXProject;
			attributes = {
				LastSwiftUpdateCheck = 0920;
				LastUpgradeCheck = 0920;
				ORGANIZATIONNAME = Alex;
				TargetAttributes = {
					FAE86FF4207F6E6A003D6ABE = {
						CreatedOnToolsVersion = 9.2;
						ProvisioningStyle = Automatic;
					};
				};
			};
			buildConfigurationList = FAE86FF0207F6E6A003D6ABE /* Build configuration list for PBXProject "QuizFlag" */;
			compatibilityVersion = "Xcode 8.0";
			developmentRegion = en;
			hasScannedForEncodings = 0;
			knownRegions = (
				en,
				Base,
			);
			mainGroup = FAE86FEC207F6E6A003D6ABE;
			productRefGroup = FAE86FF6207F6E6A003D6ABE /* Products */;
			projectDirPath = "";
			projectRoot = "";
			targets = (
				FAE86FF4207F6E6A003D6ABE /* QuizFlag */,
			);
		};
/* End PBXProject section */

/* Begin PBXResourcesBuildPhase section */
		FAE86FF3207F6E6A003D6ABE /* Resources */ = {
			isa = PBXResourcesBuildPhase;
			buildActionMask = 2147483647;
			files = (
				FAE87003207F6E6A003D6ABE /* LaunchScreen.storyboard in Resources */,
				FAE8700D207FC1E8003D6ABE /* Assets.xcassets in Resources */,
				FAE86FFE207F6E6A003D6ABE /* Main.storyboard in Resources */,
			);
			runOnlyForDeploymentPostprocessing = 0;
		};
/* End PBXResourcesBuildPhase section */

/* Begin PBXSourcesBuildPhase section */
		FAE86FF1207F6E6A003D6ABE /* Sources */ = {
			isa = PBXSourcesBuildPhase;
			buildActionMask = 2147483647;
			files = (
				FAE87011207FC7D9003D6ABE /* Question.swift in Sources */,
				FAE8700B207FBE6D003D6ABE /* QuizViewController.swift in Sources */,
				FAE86FFB207F6E6A003D6ABE /* ViewController.swift in Sources */,
				FAE86FF9207F6E6A003D6ABE /* AppDelegate.swift in Sources */,
				FAE8700F207FC668003D6ABE /* ResultsViewController.swift in Sources */,
			);
			runOnlyForDeploymentPostprocessing = 0;
		};
/* End PBXSourcesBuildPhase section */

/* Begin PBXVariantGroup section */
		FAE86FFC207F6E6A003D6ABE /* Main.storyboard */ = {
			isa = PBXVariantGroup;
			children = (
				FAE86FFD207F6E6A003D6ABE /* Base */,
			);
			name = Main.storyboard;
			sourceTree = "<group>";
		};
		FAE87001207F6E6A003D6ABE /* LaunchScreen.storyboard */ = {
			isa = PBXVariantGroup;
			children = (
				FAE87002207F6E6A003D6ABE /* Base */,
			);
			name = LaunchScreen.storyboard;
			sourceTree = "<group>";
		};
/* End PBXVariantGroup section */

/* Begin XCBuildConfiguration section */
		FAE87005207F6E6A003D6ABE /* Debug */ = {
			isa = XCBuildConfiguration;
			buildSettings = {
				ALWAYS_SEARCH_USER_PATHS = NO;
				CLANG_ANALYZER_NONNULL = YES;
				CLANG_ANALYZER_NUMBER_OBJECT_CONVERSION = YES_AGGRESSIVE;
				CLANG_CXX_LANGUAGE_STANDARD = "gnu++14";
				CLANG_CXX_LIBRARY = "libc++";
				CLANG_ENABLE_MODULES = YES;
				CLANG_ENABLE_OBJC_ARC = YES;
				CLANG_WARN_BLOCK_CAPTURE_AUTORELEASING = YES;
				CLANG_WARN_BOOL_CONVERSION = YES;
				CLANG_WARN_COMMA = YES;
				CLANG_WARN_CONSTANT_CONVERSION = YES;
				CLANG_WARN_DIRECT_OBJC_ISA_USAGE = YES_ERROR;
				CLANG_WARN_DOCUMENTATION_COMMENTS = YES;
				CLANG_WARN_EMPTY_BODY = YES;
				CLANG_WARN_ENUM_CONVERSION = YES;
				CLANG_WARN_INFINITE_RECURSION = YES;
				CLANG_WARN_INT_CONVERSION = YES;
				CLANG_WARN_NON_LITERAL_NULL_CONVERSION = YES;
				CLANG_WARN_OBJC_LITERAL_CONVERSION = YES;
				CLANG_WARN_OBJC_ROOT_CLASS = YES_ERROR;
				CLANG_WARN_RANGE_LOOP_ANALYSIS = YES;
				CLANG_WARN_STRICT_PROTOTYPES = YES;
				CLANG_WARN_SUSPICIOUS_MOVE = YES;
				CLANG_WARN_UNGUARDED_AVAILABILITY = YES_AGGRESSIVE;
				CLANG_WARN_UNREACHABLE_CODE = YES;
				CLANG_WARN__DUPLICATE_METHOD_MATCH = YES;
				CODE_SIGN_IDENTITY = "iPhone Developer";
				COPY_PHASE_STRIP = NO;
				DEBUG_INFORMATION_FORMAT = dwarf;
				ENABLE_STRICT_OBJC_MSGSEND = YES;
				ENABLE_TESTABILITY = YES;
				GCC_C_LANGUAGE_STANDARD = gnu11;
				GCC_DYNAMIC_NO_PIC = NO;
				GCC_NO_COMMON_BLOCKS = YES;
				GCC_OPTIMIZATION_LEVEL = 0;
				GCC_PREPROCESSOR_DEFINITIONS = (
					"DEBUG=1",
					"$(inherited)",
				);
				GCC_WARN_64_TO_32_BIT_CONVERSION = YES;
				GCC_WARN_ABOUT_RETURN_TYPE = YES_ERROR;
				GCC_WARN_UNDECLARED_SELECTOR = YES;
				GCC_WARN_UNINITIALIZED_AUTOS = YES_AGGRESSIVE;
				GCC_WARN_UNUSED_FUNCTION = YES;
				GCC_WARN_UNUSED_VARIABLE = YES;
				IPHONEOS_DEPLOYMENT_TARGET = 11.2;
				MTL_ENABLE_DEBUG_INFO = YES;
				ONLY_ACTIVE_ARCH = YES;
				SDKROOT = iphoneos;
				SWIFT_ACTIVE_COMPILATION_CONDITIONS = DEBUG;
				SWIFT_OPTIMIZATION_LEVEL = "-Onone";
			};
			name = Debug;
		};
		FAE87006207F6E6A003D6ABE /* Release */ = {
			isa = XCBuildConfiguration;
			buildSettings = {
				ALWAYS_SEARCH_USER_PATHS = NO;
				CLANG_ANALYZER_NONNULL = YES;
				CLANG_ANALYZER_NUMBER_OBJECT_CONVERSION = YES_AGGRESSIVE;
				CLANG_CXX_LANGUAGE_STANDARD = "gnu++14";
				CLANG_CXX_LIBRARY = "libc++";
				CLANG_ENABLE_MODULES = YES;
				CLANG_ENABLE_OBJC_ARC = YES;
				CLANG_WARN_BLOCK_CAPTURE_AUTORELEASING = YES;
				CLANG_WARN_BOOL_CONVERSION = YES;
				CLANG_WARN_COMMA = YES;
				CLANG_WARN_CONSTANT_CONVERSION = YES;
				CLANG_WARN_DIRECT_OBJC_ISA_USAGE = YES_ERROR;
				CLANG_WARN_DOCUMENTATION_COMMENTS = YES;
				CLANG_WARN_EMPTY_BODY = YES;
				CLANG_WARN_ENUM_CONVERSION = YES;
				CLANG_WARN_INFINITE_RECURSION = YES;
				CLANG_WARN_INT_CONVERSION = YES;
				CLANG_WARN_NON_LITERAL_NULL_CONVERSION = YES;
				CLANG_WARN_OBJC_LITERAL_CONVERSION = YES;
				CLANG_WARN_OBJC_ROOT_CLASS = YES_ERROR;
				CLANG_WARN_RANGE_LOOP_ANALYSIS = YES;
				CLANG_WARN_STRICT_PROTOTYPES = YES;
				CLANG_WARN_SUSPICIOUS_MOVE = YES;
				CLANG_WARN_UNGUARDED_AVAILABILITY = YES_AGGRESSIVE;
				CLANG_WARN_UNREACHABLE_CODE = YES;
				CLANG_WARN__DUPLICATE_METHOD_MATCH = YES;
				CODE_SIGN_IDENTITY = "iPhone Developer";
				COPY_PHASE_STRIP = NO;
				DEBUG_INFORMATION_FORMAT = "dwarf-with-dsym";
				ENABLE_NS_ASSERTIONS = NO;
				ENABLE_STRICT_OBJC_MSGSEND = YES;
				GCC_C_LANGUAGE_STANDARD = gnu11;
				GCC_NO_COMMON_BLOCKS = YES;
				GCC_WARN_64_TO_32_BIT_CONVERSION = YES;
				GCC_WARN_ABOUT_RETURN_TYPE = YES_ERROR;
				GCC_WARN_UNDECLARED_SELECTOR = YES;
				GCC_WARN_UNINITIALIZED_AUTOS = YES_AGGRESSIVE;
				GCC_WARN_UNUSED_FUNCTION = YES;
				GCC_WARN_UNUSED_VARIABLE = YES;
				IPHONEOS_DEPLOYMENT_TARGET = 11.2;
				MTL_ENABLE_DEBUG_INFO = NO;
				SDKROOT = iphoneos;
				SWIFT_OPTIMIZATION_LEVEL = "-Owholemodule";
				VALIDATE_PRODUCT = YES;
			};
			name = Release;
		};
		FAE87008207F6E6A003D6ABE /* Debug */ = {
			isa = XCBuildConfiguration;
			buildSettings = {
				ASSETCATALOG_COMPILER_APPICON_NAME = AppIcon;
				CODE_SIGN_STYLE = Automatic;
				DEVELOPMENT_TEAM = 49R8K67TLW;
				INFOPLIST_FILE = QuizFlag/Info.plist;
				LD_RUNPATH_SEARCH_PATHS = "$(inherited) @executable_path/Frameworks";
				PRODUCT_BUNDLE_IDENTIFIER = AlexKaliev.QuizFlag;
				PRODUCT_NAME = "$(TARGET_NAME)";
				SWIFT_VERSION = 4.0;
				TARGETED_DEVICE_FAMILY = "1,2";
			};
			name = Debug;
		};
		FAE87009207F6E6A003D6ABE /* Release */ = {
			isa = XCBuildConfiguration;
			buildSettings = {
				ASSETCATALOG_COMPILER_APPICON_NAME = AppIcon;
				CODE_SIGN_STYLE = Automatic;
				DEVELOPMENT_TEAM = 49R8K67TLW;
				INFOPLIST_FILE = QuizFlag/Info.plist;
				LD_RUNPATH_SEARCH_PATHS = "$(inherited) @executable_path/Frameworks";
				PRODUCT_BUNDLE_IDENTIFIER = AlexKaliev.QuizFlag;
				PRODUCT_NAME = "$(TARGET_NAME)";
				SWIFT_VERSION = 4.0;
				TARGETED_DEVICE_FAMILY = "1,2";
			};
			name = Release;
		};
/* End XCBuildConfiguration section */

/* Begin XCConfigurationList section */
		FAE86FF0207F6E6A003D6ABE /* Build configuration list for PBXProject "QuizFlag" */ = {
			isa = XCConfigurationList;
			buildConfigurations = (
				FAE87005207F6E6A003D6ABE /* Debug */,
				FAE87006207F6E6A003D6ABE /* Release */,
			);
			defaultConfigurationIsVisible = 0;
			defaultConfigurationName = Release;
		};
		FAE87007207F6E6A003D6ABE /* Build configuration list for PBXNativeTarget "QuizFlag" */ = {
			isa = XCConfigurationList;
			buildConfigurations = (
				FAE87008207F6E6A003D6ABE /* Debug */,
				FAE87009207F6E6A003D6ABE /* Release */,
			);
			defaultConfigurationIsVisible = 0;
			defaultConfigurationName = Release;
		};
/* End XCConfigurationList section */
	};
	rootObject = FAE86FED207F6E6A003D6ABE /* Project object */;
}
